
Microsoft Visual Studio Solution File, Format Version 12.00
# Visual Studio Version 16
VisualStudioVersion = 16.0.810.11
MinimumVisualStudioVersion = 10.0.40219.1
Project("{FAE04EC0-301F-11D3-BF4B-00C04F79EFBC}") = "Functions", "Functions.csproj", "{CD249CE8-1B2A-4115-ACBC-F1E42570090D}"
EndProject
Project("{FAE04EC0-301F-11D3-BF4B-00C04F79EFBC}") = "UserNameData", "UserNameData\UserNameData.csproj", "{47D37EF9-697D-4320-82D3-4DAF3ABE5F8B}"
EndProject
Project("{FAE04EC0-301F-11D3-BF4B-00C04F79EFBC}") = "UserNameDataTask", "UserNameDataTask\UserNameDataTask.csproj", "{6DA852A0-5823-4C03-BF47-D7C2646D9C94}"
EndProject
Global
	GlobalSection(SolutionConfigurationPlatforms) = preSolution
		Debug|Any CPU = Debug|Any CPU
		Release|Any CPU = Release|Any CPU
	EndGlobalSection
	GlobalSection(ProjectConfigurationPlatforms) = postSolution
		{CD249CE8-1B2A-4115-ACBC-F1E42570090D}.Debug|Any CPU.ActiveCfg = Debug|Any CPU
		{CD249CE8-1B2A-4115-ACBC-F1E42570090D}.Debug|Any CPU.Build.0 = Debug|Any CPU
		{CD249CE8-1B2A-4115-ACBC-F1E42570090D}.Release|Any CPU.ActiveCfg = Release|Any CPU
		{CD249CE8-1B2A-4115-ACBC-F1E42570090D}.Release|Any CPU.Build.0 = Release|Any CPU
		{47D37EF9-697D-4320-82D3-4DAF3ABE5F8B}.Debug|Any CPU.ActiveCfg = Debug|Any CPU
		{47D37EF9-697D-4320-82D3-4DAF3ABE5F8B}.Debug|Any CPU.Build.0 = Debug|Any CPU
		{47D37EF9-697D-4320-82D3-4DAF3ABE5F8B}.Release|Any CPU.ActiveCfg = Release|Any CPU
		{47D37EF9-697D-4320-82D3-4DAF3ABE5F8B}.Release|Any CPU.Build.0 = Release|Any CPU
		{6DA852A0-5823-4C03-BF47-D7C2646D9C94}.Debug|Any CPU.ActiveCfg = Debug|Any CPU
		{6DA852A0-5823-4C03-BF47-D7C2646D9C94}.Debug|Any CPU.Build.0 = Debug|Any CPU
		{6DA852A0-5823-4C03-BF47-D7C2646D9C94}.Release|Any CPU.ActiveCfg = Release|Any CPU
		{6DA852A0-5823-4C03-BF47-D7C2646D9C94}.Release|Any CPU.Build.0 = Release|Any CPU
	EndGlobalSection
	GlobalSection(SolutionProperties) = preSolution
		HideSolutionNode = FALSE
	EndGlobalSection
	GlobalSection(ExtensibilityGlobals) = postSolution
		SolutionGuid = {A26E07C6-E3C1-44FE-86CC-5F3A5AABC92B}
	EndGlobalSection
EndGlobal
